
Microsoft Visual Studio Solution File, Format Version 12.00
# Visual Studio 14
VisualStudioVersion = 14.0.25420.1
MinimumVisualStudioVersion = 10.0.40219.1
Project("{FAE04EC0-301F-11D3-BF4B-00C04F79EFBC}") = "Sarwa.Common", "Sarwa.Extentions\Sarwa.Common.csproj", "{BDA33340-FB44-4AC9-9F09-F077F837DDB0}"
EndProject
Project("{2150E333-8FDC-42A3-9474-1A3956D46DE8}") = "Tests", "Tests", "{AAD21D7D-306A-4445-AB78-DFAC12B9C5C6}"
EndProject
Project("{FAE04EC0-301F-11D3-BF4B-00C04F79EFBC}") = "Sarwa.TestConsole", "Sarwa.TestConsole\Sarwa.TestConsole.csproj", "{CB7A66CD-560F-4EF5-95EE-1FD38B74B61D}"
EndProject
Project("{2150E333-8FDC-42A3-9474-1A3956D46DE8}") = "Business", "Business", "{9E9386FA-7369-4D77-9F7D-665AA92D3CD1}"
EndProject
Project("{2150E333-8FDC-42A3-9474-1A3956D46DE8}") = "Common", "Common", "{663F4C99-6DA9-4B54-A230-E599A0B52794}"
EndProject
Project("{2150E333-8FDC-42A3-9474-1A3956D46DE8}") = "DataLayer", "DataLayer", "{1072409E-5076-4A7E-9FB8-CBDE1BB0385A}"
EndProject
Project("{2150E333-8FDC-42A3-9474-1A3956D46DE8}") = "Hosting", "Hosting", "{9DFA91B6-904C-4675-85A0-F27074F65DFB}"
EndProject
Project("{2150E333-8FDC-42A3-9474-1A3956D46DE8}") = "Core", "Core", "{952A2179-FE24-446D-8225-AD77A1701F34}"
EndProject
Project("{FAE04EC0-301F-11D3-BF4B-00C04F79EFBC}") = "ExtensionsTest", "ExtensionsTest\ExtensionsTest.csproj", "{6ACA1B37-B806-4E8B-9826-0F020F4FF34A}"
EndProject
Project("{FAE04EC0-301F-11D3-BF4B-00C04F79EFBC}") = "Sarwa.DataLayer", "Sarwa.DataLayer\Sarwa.DataLayer.csproj", "{938CD517-2D93-482F-A1DE-896D7CE8B7B1}"
EndProject
Project("{FAE04EC0-301F-11D3-BF4B-00C04F79EFBC}") = "Sarwa.DataLayer.Contracts", "Sarwa.DataLayer.Contracts\Sarwa.DataLayer.Contracts.csproj", "{68F99176-DB86-4D1D-878E-AE225ACE0D82}"
EndProject
Project("{FAE04EC0-301F-11D3-BF4B-00C04F79EFBC}") = "Sarwa.Business.Entities", "Sarwa.Business.Entities\Sarwa.Business.Entities.csproj", "{4BA6F64C-EDB7-4A0D-B4D0-2FB936C9C96D}"
EndProject
Project("{FAE04EC0-301F-11D3-BF4B-00C04F79EFBC}") = "Sarwa.Core.Common", "Sarwa.Core.Common\Sarwa.Core.Common.csproj", "{949BA66C-D21B-4262-8F99-79FCF5BC75A0}"
EndProject
Project("{FAE04EC0-301F-11D3-BF4B-00C04F79EFBC}") = "Sarwa.Core.Common.Contracts", "Sarwa.Core.Common.Contracts\Sarwa.Core.Common.Contracts.csproj", "{74C9D4E1-E572-4051-8403-69CBCD9D6286}"
EndProject
Project("{FAE04EC0-301F-11D3-BF4B-00C04F79EFBC}") = "DataLayerTest", "DataLayerTest\DataLayerTest.csproj", "{B2D362E0-2DB3-49EF-8C62-5B86B5F7BD9B}"
EndProject
Project("{8BB2217D-0F2D-49D1-97BC-3654ED321F3B}") = "Web.API", "Web.API\Web.API.xproj", "{2EE67FC5-86AF-49A6-9F4F-C0E5401A5C1D}"
EndProject
Project("{8BB2217D-0F2D-49D1-97BC-3654ED321F3B}") = "Sarwa.Core.Data.EFCore", "Sarwa.Core.Data.EFCore\Sarwa.Core.Data.EFCore.xproj", "{200BB7EA-51F2-48D2-9C3E-4A17E6DEF168}"
EndProject
Global
	GlobalSection(SolutionConfigurationPlatforms) = preSolution
		Debug|Any CPU = Debug|Any CPU
		Release|Any CPU = Release|Any CPU
	EndGlobalSection
	GlobalSection(ProjectConfigurationPlatforms) = postSolution
		{BDA33340-FB44-4AC9-9F09-F077F837DDB0}.Debug|Any CPU.ActiveCfg = Debug|Any CPU
		{BDA33340-FB44-4AC9-9F09-F077F837DDB0}.Debug|Any CPU.Build.0 = Debug|Any CPU
		{BDA33340-FB44-4AC9-9F09-F077F837DDB0}.Release|Any CPU.ActiveCfg = Release|Any CPU
		{BDA33340-FB44-4AC9-9F09-F077F837DDB0}.Release|Any CPU.Build.0 = Release|Any CPU
		{CB7A66CD-560F-4EF5-95EE-1FD38B74B61D}.Debug|Any CPU.ActiveCfg = Debug|Any CPU
		{CB7A66CD-560F-4EF5-95EE-1FD38B74B61D}.Debug|Any CPU.Build.0 = Debug|Any CPU
		{CB7A66CD-560F-4EF5-95EE-1FD38B74B61D}.Release|Any CPU.ActiveCfg = Release|Any CPU
		{CB7A66CD-560F-4EF5-95EE-1FD38B74B61D}.Release|Any CPU.Build.0 = Release|Any CPU
		{6ACA1B37-B806-4E8B-9826-0F020F4FF34A}.Debug|Any CPU.ActiveCfg = Debug|Any CPU
		{6ACA1B37-B806-4E8B-9826-0F020F4FF34A}.Debug|Any CPU.Build.0 = Debug|Any CPU
		{6ACA1B37-B806-4E8B-9826-0F020F4FF34A}.Release|Any CPU.ActiveCfg = Release|Any CPU
		{6ACA1B37-B806-4E8B-9826-0F020F4FF34A}.Release|Any CPU.Build.0 = Release|Any CPU
		{938CD517-2D93-482F-A1DE-896D7CE8B7B1}.Debug|Any CPU.ActiveCfg = Debug|Any CPU
		{938CD517-2D93-482F-A1DE-896D7CE8B7B1}.Debug|Any CPU.Build.0 = Debug|Any CPU
		{938CD517-2D93-482F-A1DE-896D7CE8B7B1}.Release|Any CPU.ActiveCfg = Release|Any CPU
		{938CD517-2D93-482F-A1DE-896D7CE8B7B1}.Release|Any CPU.Build.0 = Release|Any CPU
		{68F99176-DB86-4D1D-878E-AE225ACE0D82}.Debug|Any CPU.ActiveCfg = Debug|Any CPU
		{68F99176-DB86-4D1D-878E-AE225ACE0D82}.Debug|Any CPU.Build.0 = Debug|Any CPU
		{68F99176-DB86-4D1D-878E-AE225ACE0D82}.Release|Any CPU.ActiveCfg = Release|Any CPU
		{68F99176-DB86-4D1D-878E-AE225ACE0D82}.Release|Any CPU.Build.0 = Release|Any CPU
		{4BA6F64C-EDB7-4A0D-B4D0-2FB936C9C96D}.Debug|Any CPU.ActiveCfg = Debug|Any CPU
		{4BA6F64C-EDB7-4A0D-B4D0-2FB936C9C96D}.Debug|Any CPU.Build.0 = Debug|Any CPU
		{4BA6F64C-EDB7-4A0D-B4D0-2FB936C9C96D}.Release|Any CPU.ActiveCfg = Release|Any CPU
		{4BA6F64C-EDB7-4A0D-B4D0-2FB936C9C96D}.Release|Any CPU.Build.0 = Release|Any CPU
		{949BA66C-D21B-4262-8F99-79FCF5BC75A0}.Debug|Any CPU.ActiveCfg = Debug|Any CPU
		{949BA66C-D21B-4262-8F99-79FCF5BC75A0}.Debug|Any CPU.Build.0 = Debug|Any CPU
		{949BA66C-D21B-4262-8F99-79FCF5BC75A0}.Release|Any CPU.ActiveCfg = Release|Any CPU
		{949BA66C-D21B-4262-8F99-79FCF5BC75A0}.Release|Any CPU.Build.0 = Release|Any CPU
		{74C9D4E1-E572-4051-8403-69CBCD9D6286}.Debug|Any CPU.ActiveCfg = Debug|Any CPU
		{74C9D4E1-E572-4051-8403-69CBCD9D6286}.Debug|Any CPU.Build.0 = Debug|Any CPU
		{74C9D4E1-E572-4051-8403-69CBCD9D6286}.Release|Any CPU.ActiveCfg = Release|Any CPU
		{74C9D4E1-E572-4051-8403-69CBCD9D6286}.Release|Any CPU.Build.0 = Release|Any CPU
		{B2D362E0-2DB3-49EF-8C62-5B86B5F7BD9B}.Debug|Any CPU.ActiveCfg = Debug|Any CPU
		{B2D362E0-2DB3-49EF-8C62-5B86B5F7BD9B}.Debug|Any CPU.Build.0 = Debug|Any CPU
		{B2D362E0-2DB3-49EF-8C62-5B86B5F7BD9B}.Release|Any CPU.ActiveCfg = Release|Any CPU
		{B2D362E0-2DB3-49EF-8C62-5B86B5F7BD9B}.Release|Any CPU.Build.0 = Release|Any CPU
		{2EE67FC5-86AF-49A6-9F4F-C0E5401A5C1D}.Debug|Any CPU.ActiveCfg = Debug|Any CPU
		{2EE67FC5-86AF-49A6-9F4F-C0E5401A5C1D}.Debug|Any CPU.Build.0 = Debug|Any CPU
		{2EE67FC5-86AF-49A6-9F4F-C0E5401A5C1D}.Release|Any CPU.ActiveCfg = Release|Any CPU
		{2EE67FC5-86AF-49A6-9F4F-C0E5401A5C1D}.Release|Any CPU.Build.0 = Release|Any CPU
		{200BB7EA-51F2-48D2-9C3E-4A17E6DEF168}.Debug|Any CPU.ActiveCfg = Debug|Any CPU
		{200BB7EA-51F2-48D2-9C3E-4A17E6DEF168}.Debug|Any CPU.Build.0 = Debug|Any CPU
		{200BB7EA-51F2-48D2-9C3E-4A17E6DEF168}.Release|Any CPU.ActiveCfg = Release|Any CPU
		{200BB7EA-51F2-48D2-9C3E-4A17E6DEF168}.Release|Any CPU.Build.0 = Release|Any CPU
	EndGlobalSection
	GlobalSection(SolutionProperties) = preSolution
		HideSolutionNode = FALSE
	EndGlobalSection
	GlobalSection(NestedProjects) = preSolution
		{BDA33340-FB44-4AC9-9F09-F077F837DDB0} = {663F4C99-6DA9-4B54-A230-E599A0B52794}
		{CB7A66CD-560F-4EF5-95EE-1FD38B74B61D} = {AAD21D7D-306A-4445-AB78-DFAC12B9C5C6}
		{6ACA1B37-B806-4E8B-9826-0F020F4FF34A} = {AAD21D7D-306A-4445-AB78-DFAC12B9C5C6}
		{938CD517-2D93-482F-A1DE-896D7CE8B7B1} = {1072409E-5076-4A7E-9FB8-CBDE1BB0385A}
		{68F99176-DB86-4D1D-878E-AE225ACE0D82} = {1072409E-5076-4A7E-9FB8-CBDE1BB0385A}
		{4BA6F64C-EDB7-4A0D-B4D0-2FB936C9C96D} = {9E9386FA-7369-4D77-9F7D-665AA92D3CD1}
		{949BA66C-D21B-4262-8F99-79FCF5BC75A0} = {952A2179-FE24-446D-8225-AD77A1701F34}
		{74C9D4E1-E572-4051-8403-69CBCD9D6286} = {952A2179-FE24-446D-8225-AD77A1701F34}
		{B2D362E0-2DB3-49EF-8C62-5B86B5F7BD9B} = {AAD21D7D-306A-4445-AB78-DFAC12B9C5C6}
		{2EE67FC5-86AF-49A6-9F4F-C0E5401A5C1D} = {9DFA91B6-904C-4675-85A0-F27074F65DFB}
		{200BB7EA-51F2-48D2-9C3E-4A17E6DEF168} = {952A2179-FE24-446D-8225-AD77A1701F34}
	EndGlobalSection
EndGlobal
